
Microsoft Visual Studio Solution File, Format Version 12.00
# Visual Studio Version 16
VisualStudioVersion = 16.0.30523.141
MinimumVisualStudioVersion = 10.0.40219.1
Project("{9A19103F-16F7-4668-BE54-9A1E7A4F7556}") = "Homework", "goodarc-homework\Homework.csproj", "{E7E76410-5881-4D34-9CC8-D4FC5C155648}"
EndProject
Project("{FAE04EC0-301F-11D3-BF4B-00C04F79EFBC}") = "GoodarcDB", "GoodarcDB\GoodarcDB.csproj", "{DE829E9F-0E11-4972-A054-933EACB01A06}"
EndProject
Global
	GlobalSection(SolutionConfigurationPlatforms) = preSolution
		Debug|Any CPU = Debug|Any CPU
		Release|Any CPU = Release|Any CPU
	EndGlobalSection
	GlobalSection(ProjectConfigurationPlatforms) = postSolution
		{E7E76410-5881-4D34-9CC8-D4FC5C155648}.Debug|Any CPU.ActiveCfg = Debug|Any CPU
		{E7E76410-5881-4D34-9CC8-D4FC5C155648}.Debug|Any CPU.Build.0 = Debug|Any CPU
		{E7E76410-5881-4D34-9CC8-D4FC5C155648}.Release|Any CPU.ActiveCfg = Release|Any CPU
		{E7E76410-5881-4D34-9CC8-D4FC5C155648}.Release|Any CPU.Build.0 = Release|Any CPU
		{DE829E9F-0E11-4972-A054-933EACB01A06}.Debug|Any CPU.ActiveCfg = Debug|Any CPU
		{DE829E9F-0E11-4972-A054-933EACB01A06}.Debug|Any CPU.Build.0 = Debug|Any CPU
		{DE829E9F-0E11-4972-A054-933EACB01A06}.Release|Any CPU.ActiveCfg = Release|Any CPU
		{DE829E9F-0E11-4972-A054-933EACB01A06}.Release|Any CPU.Build.0 = Release|Any CPU
	EndGlobalSection
	GlobalSection(SolutionProperties) = preSolution
		HideSolutionNode = FALSE
	EndGlobalSection
	GlobalSection(ExtensibilityGlobals) = postSolution
		SolutionGuid = {036D2D83-6547-4E2C-BD7B-84EEA1D76BDD}
	EndGlobalSection
EndGlobal
